
Microsoft Visual Studio Solution File, Format Version 12.00
# Visual Studio 15
VisualStudioVersion = 15.0.28307.1321
MinimumVisualStudioVersion = 10.0.40219.1
Project("{888888A0-9F3D-457C-B088-3A5042F75D52}") = "PythonCalc", "PythonCalc\PythonCalc.pyproj", "{CEBEC282-4AE5-464B-B683-6E495B456B93}"
EndProject
Global
	GlobalSection(SolutionConfigurationPlatforms) = preSolution
		Debug|Any CPU = Debug|Any CPU
		Release|Any CPU = Release|Any CPU
	EndGlobalSection
	GlobalSection(ProjectConfigurationPlatforms) = postSolution
		{CEBEC282-4AE5-464B-B683-6E495B456B93}.Debug|Any CPU.ActiveCfg = Debug|Any CPU
		{CEBEC282-4AE5-464B-B683-6E495B456B93}.Release|Any CPU.ActiveCfg = Release|Any CPU
	EndGlobalSection
	GlobalSection(SolutionProperties) = preSolution
		HideSolutionNode = FALSE
	EndGlobalSection
	GlobalSection(ExtensibilityGlobals) = postSolution
		SolutionGuid = {EED6EEE4-E75B-4BC2-A9AC-B4DFE174528C}
	EndGlobalSection
EndGlobal
